
Microsoft Visual Studio Solution File, Format Version 12.00
# Visual Studio 15
VisualStudioVersion = 15.0.27130.2010
MinimumVisualStudioVersion = 10.0.40219.1
Project("{FAE04EC0-301F-11D3-BF4B-00C04F79EFBC}") = "ConsoleApp1", "ConsoleApp1\ConsoleApp1.csproj", "{FACC7E0A-656E-419E-BAF8-9846BB282450}"
EndProject
Global
	GlobalSection(SolutionConfigurationPlatforms) = preSolution
		Debug|Any CPU = Debug|Any CPU
		Release|Any CPU = Release|Any CPU
	EndGlobalSection
	GlobalSection(ProjectConfigurationPlatforms) = postSolution
		{FACC7E0A-656E-419E-BAF8-9846BB282450}.Debug|Any CPU.ActiveCfg = Debug|Any CPU
		{FACC7E0A-656E-419E-BAF8-9846BB282450}.Debug|Any CPU.Build.0 = Debug|Any CPU
		{FACC7E0A-656E-419E-BAF8-9846BB282450}.Release|Any CPU.ActiveCfg = Release|Any CPU
		{FACC7E0A-656E-419E-BAF8-9846BB282450}.Release|Any CPU.Build.0 = Release|Any CPU
	EndGlobalSection
	GlobalSection(SolutionProperties) = preSolution
		HideSolutionNode = FALSE
	EndGlobalSection
	GlobalSection(ExtensibilityGlobals) = postSolution
		SolutionGuid = {90A74D9E-24DE-44D7-9530-A35BE15E5E08}
	EndGlobalSection
EndGlobal
